{
  "name": "@rahadiana/nik-validator",
  "version": "0.0.1",
  "lockfileVersion": 2,
  "requires": true,
  "packages": {
    "": {
      "name": "@rahadiana/nik-validator",
      "version": "0.0.1",
      "license": "MIT",
      "dependencies": {
        "@pemkotbekasi/ktp-parse": "github:pemkotbekasi/ktp-parse"
      }
    },
    "node_modules/@pemkotbekasi/ktp-parse": {
      "version": "0.0.1",
      "resolved": "git+ssh://git@github.com/pemkotbekasi/ktp-parse.git#7539d275c4f6b4b30ec6d5100948e4b1bc85a158",
      "license": "MIT",
      "dependencies": {
        "@rahadiana/nik-parser": "github:rahadiana/nik_parser.ts#prod",
        "@rahadiana/node_response_standard": "^0.0.2"
      }
    },
    "node_modules/@rahadiana/nik-parser": {
      "name": "nik-parser",
      "version": "1.0.1",
      "resolved": "git+ssh://git@github.com/rahadiana/nik_parser.ts.git#24d73c2d76b158b822cec79544d52e03f59e9f7b",
      "license": "MIT"
    },
    "node_modules/@rahadiana/node_response_standard": {
      "version": "0.0.2",
      "resolved": "https://registry.npmjs.org/@rahadiana/node_response_standard/-/node_response_standard-0.0.2.tgz",
      "integrity": "sha512-AqTJmXkkFBjIuBoSmPICSR9Skm8eyb4Rv9OW8q+TUF4hJU/hK33MW6EbTtkBXX1Blaj5k/rBb0RILZw2Waj/eA=="
    }
  },
  "dependencies": {
    "@pemkotbekasi/ktp-parse": {
      "version": "git+ssh://git@github.com/pemkotbekasi/ktp-parse.git#7539d275c4f6b4b30ec6d5100948e4b1bc85a158",
      "from": "@pemkotbekasi/ktp-parse@github:pemkotbekasi/ktp-parse",
      "requires": {
        "@rahadiana/nik-parser": "github:rahadiana/nik_parser.ts#prod",
        "@rahadiana/node_response_standard": "^0.0.2"
      }
    },
    "@rahadiana/nik-parser": {
      "version": "git+ssh://git@github.com/rahadiana/nik_parser.ts.git#24d73c2d76b158b822cec79544d52e03f59e9f7b",
      "from": "@rahadiana/nik-parser@github:rahadiana/nik_parser.ts#prod"
    },
    "@rahadiana/node_response_standard": {
      "version": "0.0.2",
      "resolved": "https://registry.npmjs.org/@rahadiana/node_response_standard/-/node_response_standard-0.0.2.tgz",
      "integrity": "sha512-AqTJmXkkFBjIuBoSmPICSR9Skm8eyb4Rv9OW8q+TUF4hJU/hK33MW6EbTtkBXX1Blaj5k/rBb0RILZw2Waj/eA=="
    }
  }
}
